
Microsoft Visual Studio Solution File, Format Version 12.00
# Visual Studio Version 16
VisualStudioVersion = 16.0.30611.23
MinimumVisualStudioVersion = 10.0.40219.1
Project("{00D1A9C2-B5F0-4AF3-8072-F6C62B433612}") = "EatableDB V1.0", "EatableDB V1.0.sqlproj", "{4DF67286-F7DB-4684-99F6-903AA4C43855}"
EndProject
Global
	GlobalSection(SolutionConfigurationPlatforms) = preSolution
		Debug|Any CPU = Debug|Any CPU
		Development|Any CPU = Development|Any CPU
		Release|Any CPU = Release|Any CPU
	EndGlobalSection
	GlobalSection(ProjectConfigurationPlatforms) = postSolution
		{4DF67286-F7DB-4684-99F6-903AA4C43855}.Debug|Any CPU.ActiveCfg = Debug|Any CPU
		{4DF67286-F7DB-4684-99F6-903AA4C43855}.Debug|Any CPU.Build.0 = Debug|Any CPU
		{4DF67286-F7DB-4684-99F6-903AA4C43855}.Debug|Any CPU.Deploy.0 = Debug|Any CPU
		{4DF67286-F7DB-4684-99F6-903AA4C43855}.Development|Any CPU.ActiveCfg = Debug|Any CPU
		{4DF67286-F7DB-4684-99F6-903AA4C43855}.Development|Any CPU.Build.0 = Debug|Any CPU
		{4DF67286-F7DB-4684-99F6-903AA4C43855}.Development|Any CPU.Deploy.0 = Debug|Any CPU
		{4DF67286-F7DB-4684-99F6-903AA4C43855}.Release|Any CPU.ActiveCfg = Release|Any CPU
		{4DF67286-F7DB-4684-99F6-903AA4C43855}.Release|Any CPU.Build.0 = Release|Any CPU
		{4DF67286-F7DB-4684-99F6-903AA4C43855}.Release|Any CPU.Deploy.0 = Release|Any CPU
	EndGlobalSection
	GlobalSection(SolutionProperties) = preSolution
		HideSolutionNode = FALSE
	EndGlobalSection
	GlobalSection(ExtensibilityGlobals) = postSolution
		SolutionGuid = {56728A1C-C91F-4A20-A599-D4A8C7E4AC41}
	EndGlobalSection
EndGlobal
